// !$*UTF8*$!
{
	archiveVersion = 1;
	classes = {
	};
	objectVersion = 46;
	objects = {

/* Begin PBXBuildFile section */
		3C18C2F61CBFFBB90087F260 /* AppDelegate.swift in Sources */ = {isa = PBXBuildFile; fileRef = 3C18C2F51CBFFBB90087F260 /* AppDelegate.swift */; };
		3C18C2F81CBFFBB90087F260 /* ViewController.swift in Sources */ = {isa = PBXBuildFile; fileRef = 3C18C2F71CBFFBB90087F260 /* ViewController.swift */; };
		3C18C2FB1CBFFBB90087F260 /* Main.storyboard in Resources */ = {isa = PBXBuildFile; fileRef = 3C18C2F91CBFFBB90087F260 /* Main.storyboard */; };
		3C18C2FD1CBFFBB90087F260 /* Assets.xcassets in Resources */ = {isa = PBXBuildFile; fileRef = 3C18C2FC1CBFFBB90087F260 /* Assets.xcassets */; };
		3C18C3001CBFFBB90087F260 /* LaunchScreen.storyboard in Resources */ = {isa = PBXBuildFile; fileRef = 3C18C2FE1CBFFBB90087F260 /* LaunchScreen.storyboard */; };
		3C18C3101CC020F10087F260 /* CalcViewController.swift in Sources */ = {isa = PBXBuildFile; fileRef = 3C18C30F1CC020F10087F260 /* CalcViewController.swift */; };
		3C18C3121CC168430087F260 /* logo.png in Resources */ = {isa = PBXBuildFile; fileRef = 3C18C3111CC168430087F260 /* logo.png */; };
/* End PBXBuildFile section */

/* Begin PBXFileReference section */
		3C18C2F21CBFFBB90087F260 /* M3app.app */ = {isa = PBXFileReference; explicitFileType = wrapper.application; includeInIndex = 0; path = M3app.app; sourceTree = BUILT_PRODUCTS_DIR; };
		3C18C2F51CBFFBB90087F260 /* AppDelegate.swift */ = {isa = PBXFileReference; lastKnownFileType = sourcecode.swift; path = AppDelegate.swift; sourceTree = "<group>"; };
		3C18C2F71CBFFBB90087F260 /* ViewController.swift */ = {isa = PBXFileReference; lastKnownFileType = sourcecode.swift; path = ViewController.swift; sourceTree = "<group>"; };
		3C18C2FA1CBFFBB90087F260 /* Base */ = {isa = PBXFileReference; lastKnownFileType = file.storyboard; name = Base; path = Base.lproj/Main.storyboard; sourceTree = "<group>"; };
		3C18C2FC1CBFFBB90087F260 /* Assets.xcassets */ = {isa = PBXFileReference; lastKnownFileType = folder.assetcatalog; path = Assets.xcassets; sourceTree = "<group>"; };
		3C18C2FF1CBFFBB90087F260 /* Base */ = {isa = PBXFileReference; lastKnownFileType = file.storyboard; name = Base; path = Base.lproj/LaunchScreen.storyboard; sourceTree = "<group>"; };
		3C18C3011CBFFBB90087F260 /* Info.plist */ = {isa = PBXFileReference; lastKnownFileType = text.plist.xml; path = Info.plist; sourceTree = "<group>"; };
		3C18C30F1CC020F10087F260 /* CalcViewController.swift */ = {isa = PBXFileReference; fileEncoding = 4; lastKnownFileType = sourcecode.swift; path = CalcViewController.swift; sourceTree = "<group>"; };
		3C18C3111CC168430087F260 /* logo.png */ = {isa = PBXFileReference; lastKnownFileType = image.png; path = logo.png; sourceTree = "<group>"; };
/* End PBXFileReference section */

/* Begin PBXFrameworksBuildPhase section */
		3C18C2EF1CBFFBB90087F260 /* Frameworks */ = {
			isa = PBXFrameworksBuildPhase;
			buildActionMask = 2147483647;
			files = (
			);
			runOnlyForDeploymentPostprocessing = 0;
		};
/* End PBXFrameworksBuildPhase section */

/* Begin PBXGroup section */
		3C18C2E91CBFFBB90087F260 = {
			isa = PBXGroup;
			children = (
				3C18C2F41CBFFBB90087F260 /* M3app */,
				3C18C2F31CBFFBB90087F260 /* Products */,
			);
			sourceTree = "<group>";
		};
		3C18C2F31CBFFBB90087F260 /* Products */ = {
			isa = PBXGroup;
			children = (
				3C18C2F21CBFFBB90087F260 /* M3app.app */,
			);
			name = Products;
			sourceTree = "<group>";
		};
		3C18C2F41CBFFBB90087F260 /* M3app */ = {
			isa = PBXGroup;
			children = (
				3C18C2F51CBFFBB90087F260 /* AppDelegate.swift */,
				3C18C2F71CBFFBB90087F260 /* ViewController.swift */,
				3C18C3111CC168430087F260 /* logo.png */,
				3C18C30F1CC020F10087F260 /* CalcViewController.swift */,
				3C18C2F91CBFFBB90087F260 /* Main.storyboard */,
				3C18C2FC1CBFFBB90087F260 /* Assets.xcassets */,
				3C18C2FE1CBFFBB90087F260 /* LaunchScreen.storyboard */,
				3C18C3011CBFFBB90087F260 /* Info.plist */,
			);
			path = M3app;
			sourceTree = "<group>";
		};
/* End PBXGroup section */

/* Begin PBXNativeTarget section */
		3C18C2F11CBFFBB90087F260 /* M3app */ = {
			isa = PBXNativeTarget;
			buildConfigurationList = 3C18C3041CBFFBB90087F260 /* Build configuration list for PBXNativeTarget "M3app" */;
			buildPhases = (
				3C18C2EE1CBFFBB90087F260 /* Sources */,
				3C18C2EF1CBFFBB90087F260 /* Frameworks */,
				3C18C2F01CBFFBB90087F260 /* Resources */,
			);
			buildRules = (
			);
			dependencies = (
			);
			name = M3app;
			productName = M3app;
			productReference = 3C18C2F21CBFFBB90087F260 /* M3app.app */;
			productType = "com.apple.product-type.application";
		};
/* End PBXNativeTarget section */

/* Begin PBXProject section */
		3C18C2EA1CBFFBB90087F260 /* Project object */ = {
			isa = PBXProject;
			attributes = {
				LastSwiftUpdateCheck = 0720;
				LastUpgradeCheck = 0720;
				ORGANIZATIONNAME = "Ian Vitor da Silva";
				TargetAttributes = {
					3C18C2F11CBFFBB90087F260 = {
						CreatedOnToolsVersion = 7.2.1;
					};
				};
			};
			buildConfigurationList = 3C18C2ED1CBFFBB90087F260 /* Build configuration list for PBXProject "M3app" */;
			compatibilityVersion = "Xcode 3.2";
			developmentRegion = English;
			hasScannedForEncodings = 0;
			knownRegions = (
				en,
				Base,
			);
			mainGroup = 3C18C2E91CBFFBB90087F260;
			productRefGroup = 3C18C2F31CBFFBB90087F260 /* Products */;
			projectDirPath = "";
			projectRoot = "";
			targets = (
				3C18C2F11CBFFBB90087F260 /* M3app */,
			);
		};
/* End PBXProject section */

/* Begin PBXResourcesBuildPhase section */
		3C18C2F01CBFFBB90087F260 /* Resources */ = {
			isa = PBXResourcesBuildPhase;
			buildActionMask = 2147483647;
			files = (
				3C18C3121CC168430087F260 /* logo.png in Resources */,
				3C18C3001CBFFBB90087F260 /* LaunchScreen.storyboard in Resources */,
				3C18C2FD1CBFFBB90087F260 /* Assets.xcassets in Resources */,
				3C18C2FB1CBFFBB90087F260 /* Main.storyboard in Resources */,
			);
			runOnlyForDeploymentPostprocessing = 0;
		};
/* End PBXResourcesBuildPhase section */

/* Begin PBXSourcesBuildPhase section */
		3C18C2EE1CBFFBB90087F260 /* Sources */ = {
			isa = PBXSourcesBuildPhase;
			buildActionMask = 2147483647;
			files = (
				3C18C2F81CBFFBB90087F260 /* ViewController.swift in Sources */,
				3C18C3101CC020F10087F260 /* CalcViewController.swift in Sources */,
				3C18C2F61CBFFBB90087F260 /* AppDelegate.swift in Sources */,
			);
			runOnlyForDeploymentPostprocessing = 0;
		};
/* End PBXSourcesBuildPhase section */

/* Begin PBXVariantGroup section */
		3C18C2F91CBFFBB90087F260 /* Main.storyboard */ = {
			isa = PBXVariantGroup;
			children = (
				3C18C2FA1CBFFBB90087F260 /* Base */,
			);
			name = Main.storyboard;
			sourceTree = "<group>";
		};
		3C18C2FE1CBFFBB90087F260 /* LaunchScreen.storyboard */ = {
			isa = PBXVariantGroup;
			children = (
				3C18C2FF1CBFFBB90087F260 /* Base */,
			);
			name = LaunchScreen.storyboard;
			sourceTree = "<group>";
		};
/* End PBXVariantGroup section */

/* Begin XCBuildConfiguration section */
		3C18C3021CBFFBB90087F260 /* Debug */ = {
			isa = XCBuildConfiguration;
			buildSettings = {
				ALWAYS_SEARCH_USER_PATHS = NO;
				CLANG_CXX_LANGUAGE_STANDARD = "gnu++0x";
				CLANG_CXX_LIBRARY = "libc++";
				CLANG_ENABLE_MODULES = YES;
				CLANG_ENABLE_OBJC_ARC = YES;
				CLANG_WARN_BOOL_CONVERSION = YES;
				CLANG_WARN_CONSTANT_CONVERSION = YES;
				CLANG_WARN_DIRECT_OBJC_ISA_USAGE = YES_ERROR;
				CLANG_WARN_EMPTY_BODY = YES;
				CLANG_WARN_ENUM_CONVERSION = YES;
				CLANG_WARN_INT_CONVERSION = YES;
				CLANG_WARN_OBJC_ROOT_CLASS = YES_ERROR;
				CLANG_WARN_UNREACHABLE_CODE = YES;
				CLANG_WARN__DUPLICATE_METHOD_MATCH = YES;
				"CODE_SIGN_IDENTITY[sdk=iphoneos*]" = "iPhone Developer";
				COPY_PHASE_STRIP = NO;
				DEBUG_INFORMATION_FORMAT = dwarf;
				ENABLE_STRICT_OBJC_MSGSEND = YES;
				ENABLE_TESTABILITY = YES;
				GCC_C_LANGUAGE_STANDARD = gnu99;
				GCC_DYNAMIC_NO_PIC = NO;
				GCC_NO_COMMON_BLOCKS = YES;
				GCC_OPTIMIZATION_LEVEL = 0;
				GCC_PREPROCESSOR_DEFINITIONS = (
					"DEBUG=1",
					"$(inherited)",
				);
				GCC_WARN_64_TO_32_BIT_CONVERSION = YES;
				GCC_WARN_ABOUT_RETURN_TYPE = YES_ERROR;
				GCC_WARN_UNDECLARED_SELECTOR = YES;
				GCC_WARN_UNINITIALIZED_AUTOS = YES_AGGRESSIVE;
				GCC_WARN_UNUSED_FUNCTION = YES;
				GCC_WARN_UNUSED_VARIABLE = YES;
				IPHONEOS_DEPLOYMENT_TARGET = 9.2;
				MTL_ENABLE_DEBUG_INFO = YES;
				ONLY_ACTIVE_ARCH = YES;
				SDKROOT = iphoneos;
				SWIFT_OPTIMIZATION_LEVEL = "-Onone";
			};
			name = Debug;
		};
		3C18C3031CBFFBB90087F260 /* Release */ = {
			isa = XCBuildConfiguration;
			buildSettings = {
				ALWAYS_SEARCH_USER_PATHS = NO;
				CLANG_CXX_LANGUAGE_STANDARD = "gnu++0x";
				CLANG_CXX_LIBRARY = "libc++";
				CLANG_ENABLE_MODULES = YES;
				CLANG_ENABLE_OBJC_ARC = YES;
				CLANG_WARN_BOOL_CONVERSION = YES;
				CLANG_WARN_CONSTANT_CONVERSION = YES;
				CLANG_WARN_DIRECT_OBJC_ISA_USAGE = YES_ERROR;
				CLANG_WARN_EMPTY_BODY = YES;
				CLANG_WARN_ENUM_CONVERSION = YES;
				CLANG_WARN_INT_CONVERSION = YES;
				CLANG_WARN_OBJC_ROOT_CLASS = YES_ERROR;
				CLANG_WARN_UNREACHABLE_CODE = YES;
				CLANG_WARN__DUPLICATE_METHOD_MATCH = YES;
				"CODE_SIGN_IDENTITY[sdk=iphoneos*]" = "iPhone Developer";
				COPY_PHASE_STRIP = NO;
				DEBUG_INFORMATION_FORMAT = "dwarf-with-dsym";
				ENABLE_NS_ASSERTIONS = NO;
				ENABLE_STRICT_OBJC_MSGSEND = YES;
				GCC_C_LANGUAGE_STANDARD = gnu99;
				GCC_NO_COMMON_BLOCKS = YES;
				GCC_WARN_64_TO_32_BIT_CONVERSION = YES;
				GCC_WARN_ABOUT_RETURN_TYPE = YES_ERROR;
				GCC_WARN_UNDECLARED_SELECTOR = YES;
				GCC_WARN_UNINITIALIZED_AUTOS = YES_AGGRESSIVE;
				GCC_WARN_UNUSED_FUNCTION = YES;
				GCC_WARN_UNUSED_VARIABLE = YES;
				IPHONEOS_DEPLOYMENT_TARGET = 9.2;
				MTL_ENABLE_DEBUG_INFO = NO;
				SDKROOT = iphoneos;
				VALIDATE_PRODUCT = YES;
			};
			name = Release;
		};
		3C18C3051CBFFBB90087F260 /* Debug */ = {
			isa = XCBuildConfiguration;
			buildSettings = {
				ASSETCATALOG_COMPILER_APPICON_NAME = AppIcon;
				INFOPLIST_FILE = M3app/Info.plist;
				LD_RUNPATH_SEARCH_PATHS = "$(inherited) @executable_path/Frameworks";
				PRODUCT_BUNDLE_IDENTIFIER = com.IanSilva.M3app;
				PRODUCT_NAME = "$(TARGET_NAME)";
				TARGETED_DEVICE_FAMILY = 1;
			};
			name = Debug;
		};
		3C18C3061CBFFBB90087F260 /* Release */ = {
			isa = XCBuildConfiguration;
			buildSettings = {
				ASSETCATALOG_COMPILER_APPICON_NAME = AppIcon;
				INFOPLIST_FILE = M3app/Info.plist;
				LD_RUNPATH_SEARCH_PATHS = "$(inherited) @executable_path/Frameworks";
				PRODUCT_BUNDLE_IDENTIFIER = com.IanSilva.M3app;
				PRODUCT_NAME = "$(TARGET_NAME)";
				TARGETED_DEVICE_FAMILY = 1;
			};
			name = Release;
		};
/* End XCBuildConfiguration section */

/* Begin XCConfigurationList section */
		3C18C2ED1CBFFBB90087F260 /* Build configuration list for PBXProject "M3app" */ = {
			isa = XCConfigurationList;
			buildConfigurations = (
				3C18C3021CBFFBB90087F260 /* Debug */,
				3C18C3031CBFFBB90087F260 /* Release */,
			);
			defaultConfigurationIsVisible = 0;
			defaultConfigurationName = Release;
		};
		3C18C3041CBFFBB90087F260 /* Build configuration list for PBXNativeTarget "M3app" */ = {
			isa = XCConfigurationList;
			buildConfigurations = (
				3C18C3051CBFFBB90087F260 /* Debug */,
				3C18C3061CBFFBB90087F260 /* Release */,
			);
			defaultConfigurationIsVisible = 0;
		};
/* End XCConfigurationList section */
	};
	rootObject = 3C18C2EA1CBFFBB90087F260 /* Project object */;
}
